
Microsoft Visual Studio Solution File, Format Version 12.00
# Visual Studio Version 17
VisualStudioVersion = 17.14.36908.2 d17.14
MinimumVisualStudioVersion = 10.0.40219.1
Project("{FAE04EC0-301F-11D3-BF4B-00C04F79EFBC}") = "NexoraSuite", "NexoraSuite\NexoraSuite.csproj", "{BD000AA3-6D62-4E5D-B187-8BF0C1DE8D9A}"
EndProject
Global
	GlobalSection(SolutionConfigurationPlatforms) = preSolution
		Debug|Any CPU = Debug|Any CPU
		Release|Any CPU = Release|Any CPU
	EndGlobalSection
	GlobalSection(ProjectConfigurationPlatforms) = postSolution
		{BD000AA3-6D62-4E5D-B187-8BF0C1DE8D9A}.Debug|Any CPU.ActiveCfg = Debug|Any CPU
		{BD000AA3-6D62-4E5D-B187-8BF0C1DE8D9A}.Debug|Any CPU.Build.0 = Debug|Any CPU
		{BD000AA3-6D62-4E5D-B187-8BF0C1DE8D9A}.Release|Any CPU.ActiveCfg = Release|Any CPU
		{BD000AA3-6D62-4E5D-B187-8BF0C1DE8D9A}.Release|Any CPU.Build.0 = Release|Any CPU
	EndGlobalSection
	GlobalSection(SolutionProperties) = preSolution
		HideSolutionNode = FALSE
	EndGlobalSection
	GlobalSection(ExtensibilityGlobals) = postSolution
		SolutionGuid = {2DCB8EFD-4B16-42BF-9381-9956CA0AAD1A}
	EndGlobalSection
EndGlobal
